<Solution>
  <Folder Name="/libs/">
    <Project Path="libs/BuildingBlocks.AspNetCore/BuildingBlocks.AspNetCore.csproj" />
    <Project Path="libs/BuildingBlocks.Common/BuildingBlocks.Common.csproj" />
  </Folder>
  <Folder Name="/services/" />
  <Folder Name="/services/catalog-api/">
    <Project Path="services/catalog-api/Catalog.Api/Catalog.Api.csproj" />
    <Project Path="services/catalog-api/Catalog.Application/Catalog.Application.csproj" />
    <Project Path="services/catalog-api/Catalog.Domain/Catalog.Domain.csproj" />
    <Project Path="services/catalog-api/Catalog.Infrastructure/Catalog.Infrastructure.csproj" />
  </Folder>
  <Folder Name="/services/catalog-api/tests/">
    <Project Path="services/catalog-api/tests/Catalog.IntegrationTests/Catalog.IntegrationTests.csproj" />
    <Project Path="services/catalog-api/tests/Catalog.UnitTests/Catalog.UnitTests.csproj" />
  </Folder>
  <Folder Name="/services/orders-api/">
    <Project Path="services/orders-api/Orders.Api/Orders.Api.csproj" />
    <Project Path="services/orders-api/Orders.Application/Orders.Application.csproj" />
    <Project Path="services/orders-api/Orders.Domain/Orders.Domain.csproj" />
    <Project Path="services/orders-api/Orders.Infrastructure/Orders.Infrastructure.csproj" />
  </Folder>
  <Folder Name="/services/orders-api/tests/">
    <Project Path="services/orders-api/tests/Orders.IntegrationTests/Orders.IntegrationTests.csproj" />
    <Project Path="services/orders-api/tests/Orders.UnitTests/Orders.UnitTests.csproj" />
  </Folder>
</Solution>
